
Microsoft Visual Studio Solution File, Format Version 12.00
# Visual Studio Version 16
VisualStudioVersion = 16.0.31129.286
MinimumVisualStudioVersion = 10.0.40219.1
Project("{FAE04EC0-301F-11D3-BF4B-00C04F79EFBC}") = "API", "API\API.csproj", "{0813421E-C10E-4079-B3E4-478F14E747B8}"
EndProject
Project("{FAE04EC0-301F-11D3-BF4B-00C04F79EFBC}") = "Core", "Core\Core.csproj", "{44D378E4-0533-4EAB-8CA4-F7CCC38F0370}"
EndProject
Project("{FAE04EC0-301F-11D3-BF4B-00C04F79EFBC}") = "Data", "Data\Data.csproj", "{96CEBACA-AFCC-4C00-A117-17C97CA8D1C1}"
EndProject
Global
	GlobalSection(SolutionConfigurationPlatforms) = preSolution
		Debug|Any CPU = Debug|Any CPU
		Release|Any CPU = Release|Any CPU
	EndGlobalSection
	GlobalSection(ProjectConfigurationPlatforms) = postSolution
		{0813421E-C10E-4079-B3E4-478F14E747B8}.Debug|Any CPU.ActiveCfg = Debug|Any CPU
		{0813421E-C10E-4079-B3E4-478F14E747B8}.Debug|Any CPU.Build.0 = Debug|Any CPU
		{0813421E-C10E-4079-B3E4-478F14E747B8}.Release|Any CPU.ActiveCfg = Release|Any CPU
		{0813421E-C10E-4079-B3E4-478F14E747B8}.Release|Any CPU.Build.0 = Release|Any CPU
		{44D378E4-0533-4EAB-8CA4-F7CCC38F0370}.Debug|Any CPU.ActiveCfg = Debug|Any CPU
		{44D378E4-0533-4EAB-8CA4-F7CCC38F0370}.Debug|Any CPU.Build.0 = Debug|Any CPU
		{44D378E4-0533-4EAB-8CA4-F7CCC38F0370}.Release|Any CPU.ActiveCfg = Release|Any CPU
		{44D378E4-0533-4EAB-8CA4-F7CCC38F0370}.Release|Any CPU.Build.0 = Release|Any CPU
		{96CEBACA-AFCC-4C00-A117-17C97CA8D1C1}.Debug|Any CPU.ActiveCfg = Debug|Any CPU
		{96CEBACA-AFCC-4C00-A117-17C97CA8D1C1}.Debug|Any CPU.Build.0 = Debug|Any CPU
		{96CEBACA-AFCC-4C00-A117-17C97CA8D1C1}.Release|Any CPU.ActiveCfg = Release|Any CPU
		{96CEBACA-AFCC-4C00-A117-17C97CA8D1C1}.Release|Any CPU.Build.0 = Release|Any CPU
	EndGlobalSection
	GlobalSection(SolutionProperties) = preSolution
		HideSolutionNode = FALSE
	EndGlobalSection
	GlobalSection(ExtensibilityGlobals) = postSolution
		SolutionGuid = {0E8D0B4D-DB6F-48FC-A7A9-309476328838}
	EndGlobalSection
EndGlobal
